
Microsoft Visual Studio Solution File, Format Version 11.00
# Visual Studio 2010
Project("{FAE04EC0-301F-11D3-BF4B-00C04F79EFBC}") = "Test", "Test\Test.csproj", "{F4A80051-D7AA-4490-9A7F-51C364012F43}"
EndProject
Project("{FAE04EC0-301F-11D3-BF4B-00C04F79EFBC}") = "ConsoleApp", "ConsoleApp\ConsoleApp.csproj", "{FD133360-6AF3-4035-83F8-5FE0566E982A}"
EndProject
Project("{FAE04EC0-301F-11D3-BF4B-00C04F79EFBC}") = "StarlitTwit", "StarlitTwit\StarlitTwit.csproj", "{938D3FB0-54A0-4151-8692-C58D3E83DF11}"
EndProject
Project("{FAE04EC0-301F-11D3-BF4B-00C04F79EFBC}") = "UserStreamTest", "UserStreamTest\UserStreamTest.csproj", "{B8E5CA49-88A9-49FA-B00B-67D1C7CE1BCF}"
EndProject
Project("{FAE04EC0-301F-11D3-BF4B-00C04F79EFBC}") = "StarlitTwit64", "StarlitTwit64\StarlitTwit64.csproj", "{FC4D9C38-8347-49A6-832F-8768784C3AAE}"
EndProject
Project("{FAE04EC0-301F-11D3-BF4B-00C04F79EFBC}") = "DebugControlLibrary", "DebugControlLibrary\DebugControlLibrary.csproj", "{FFDD66C9-95D2-4550-8C27-6FA42DDAF88E}"
EndProject
Project("{FAE04EC0-301F-11D3-BF4B-00C04F79EFBC}") = "DebugControl", "DebugControl\DebugControl.csproj", "{234468D3-5E93-4D99-8320-E637112F3C92}"
EndProject
Global
	GlobalSection(SolutionConfigurationPlatforms) = preSolution
		Debug|Any CPU = Debug|Any CPU
		Debug|Mixed Platforms = Debug|Mixed Platforms
		Debug|Win32 = Debug|Win32
		Debug|x64 = Debug|x64
		Debug|x86 = Debug|x86
		Release|Any CPU = Release|Any CPU
		Release|Mixed Platforms = Release|Mixed Platforms
		Release|Win32 = Release|Win32
		Release|x64 = Release|x64
		Release|x86 = Release|x86
	EndGlobalSection
	GlobalSection(ProjectConfigurationPlatforms) = postSolution
		{F4A80051-D7AA-4490-9A7F-51C364012F43}.Debug|Any CPU.ActiveCfg = Debug|x86
		{F4A80051-D7AA-4490-9A7F-51C364012F43}.Debug|Mixed Platforms.ActiveCfg = Debug|x86
		{F4A80051-D7AA-4490-9A7F-51C364012F43}.Debug|Mixed Platforms.Build.0 = Debug|x86
		{F4A80051-D7AA-4490-9A7F-51C364012F43}.Debug|Win32.ActiveCfg = Debug|x86
		{F4A80051-D7AA-4490-9A7F-51C364012F43}.Debug|x64.ActiveCfg = Debug|x86
		{F4A80051-D7AA-4490-9A7F-51C364012F43}.Debug|x64.Build.0 = Debug|x86
		{F4A80051-D7AA-4490-9A7F-51C364012F43}.Debug|x86.ActiveCfg = Debug|x86
		{F4A80051-D7AA-4490-9A7F-51C364012F43}.Debug|x86.Build.0 = Debug|x86
		{F4A80051-D7AA-4490-9A7F-51C364012F43}.Release|Any CPU.ActiveCfg = Release|x86
		{F4A80051-D7AA-4490-9A7F-51C364012F43}.Release|Mixed Platforms.ActiveCfg = Release|x86
		{F4A80051-D7AA-4490-9A7F-51C364012F43}.Release|Mixed Platforms.Build.0 = Release|x86
		{F4A80051-D7AA-4490-9A7F-51C364012F43}.Release|Win32.ActiveCfg = Release|x86
		{F4A80051-D7AA-4490-9A7F-51C364012F43}.Release|x64.ActiveCfg = Release|x86
		{F4A80051-D7AA-4490-9A7F-51C364012F43}.Release|x86.ActiveCfg = Release|x86
		{F4A80051-D7AA-4490-9A7F-51C364012F43}.Release|x86.Build.0 = Release|x86
		{FD133360-6AF3-4035-83F8-5FE0566E982A}.Debug|Any CPU.ActiveCfg = Debug|x86
		{FD133360-6AF3-4035-83F8-5FE0566E982A}.Debug|Mixed Platforms.ActiveCfg = Debug|x86
		{FD133360-6AF3-4035-83F8-5FE0566E982A}.Debug|Mixed Platforms.Build.0 = Debug|x86
		{FD133360-6AF3-4035-83F8-5FE0566E982A}.Debug|Win32.ActiveCfg = Debug|x86
		{FD133360-6AF3-4035-83F8-5FE0566E982A}.Debug|x64.ActiveCfg = Debug|x86
		{FD133360-6AF3-4035-83F8-5FE0566E982A}.Debug|x64.Build.0 = Debug|x86
		{FD133360-6AF3-4035-83F8-5FE0566E982A}.Debug|x86.ActiveCfg = Debug|x86
		{FD133360-6AF3-4035-83F8-5FE0566E982A}.Debug|x86.Build.0 = Debug|x86
		{FD133360-6AF3-4035-83F8-5FE0566E982A}.Release|Any CPU.ActiveCfg = Release|x86
		{FD133360-6AF3-4035-83F8-5FE0566E982A}.Release|Mixed Platforms.ActiveCfg = Release|x86
		{FD133360-6AF3-4035-83F8-5FE0566E982A}.Release|Mixed Platforms.Build.0 = Release|x86
		{FD133360-6AF3-4035-83F8-5FE0566E982A}.Release|Win32.ActiveCfg = Release|x86
		{FD133360-6AF3-4035-83F8-5FE0566E982A}.Release|x64.ActiveCfg = Release|x86
		{FD133360-6AF3-4035-83F8-5FE0566E982A}.Release|x86.ActiveCfg = Release|x86
		{FD133360-6AF3-4035-83F8-5FE0566E982A}.Release|x86.Build.0 = Release|x86
		{938D3FB0-54A0-4151-8692-C58D3E83DF11}.Debug|Any CPU.ActiveCfg = Debug|x86
		{938D3FB0-54A0-4151-8692-C58D3E83DF11}.Debug|Mixed Platforms.ActiveCfg = Debug|x86
		{938D3FB0-54A0-4151-8692-C58D3E83DF11}.Debug|Mixed Platforms.Build.0 = Debug|x86
		{938D3FB0-54A0-4151-8692-C58D3E83DF11}.Debug|Win32.ActiveCfg = Debug|x86
		{938D3FB0-54A0-4151-8692-C58D3E83DF11}.Debug|x64.ActiveCfg = Debug|x86
		{938D3FB0-54A0-4151-8692-C58D3E83DF11}.Debug|x64.Build.0 = Debug|x86
		{938D3FB0-54A0-4151-8692-C58D3E83DF11}.Debug|x86.ActiveCfg = Debug|x86
		{938D3FB0-54A0-4151-8692-C58D3E83DF11}.Debug|x86.Build.0 = Debug|x86
		{938D3FB0-54A0-4151-8692-C58D3E83DF11}.Release|Any CPU.ActiveCfg = Release|x86
		{938D3FB0-54A0-4151-8692-C58D3E83DF11}.Release|Mixed Platforms.ActiveCfg = Release|x86
		{938D3FB0-54A0-4151-8692-C58D3E83DF11}.Release|Mixed Platforms.Build.0 = Release|x86
		{938D3FB0-54A0-4151-8692-C58D3E83DF11}.Release|Win32.ActiveCfg = Release|x86
		{938D3FB0-54A0-4151-8692-C58D3E83DF11}.Release|x64.ActiveCfg = Release|x86
		{938D3FB0-54A0-4151-8692-C58D3E83DF11}.Release|x86.ActiveCfg = Release|x86
		{938D3FB0-54A0-4151-8692-C58D3E83DF11}.Release|x86.Build.0 = Release|x86
		{B8E5CA49-88A9-49FA-B00B-67D1C7CE1BCF}.Debug|Any CPU.ActiveCfg = Debug|x86
		{B8E5CA49-88A9-49FA-B00B-67D1C7CE1BCF}.Debug|Mixed Platforms.ActiveCfg = Debug|x86
		{B8E5CA49-88A9-49FA-B00B-67D1C7CE1BCF}.Debug|Mixed Platforms.Build.0 = Debug|x86
		{B8E5CA49-88A9-49FA-B00B-67D1C7CE1BCF}.Debug|Win32.ActiveCfg = Debug|x86
		{B8E5CA49-88A9-49FA-B00B-67D1C7CE1BCF}.Debug|x64.ActiveCfg = Debug|x86
		{B8E5CA49-88A9-49FA-B00B-67D1C7CE1BCF}.Debug|x64.Build.0 = Debug|x86
		{B8E5CA49-88A9-49FA-B00B-67D1C7CE1BCF}.Debug|x86.ActiveCfg = Debug|x86
		{B8E5CA49-88A9-49FA-B00B-67D1C7CE1BCF}.Debug|x86.Build.0 = Debug|x86
		{B8E5CA49-88A9-49FA-B00B-67D1C7CE1BCF}.Release|Any CPU.ActiveCfg = Release|x86
		{B8E5CA49-88A9-49FA-B00B-67D1C7CE1BCF}.Release|Mixed Platforms.ActiveCfg = Release|x86
		{B8E5CA49-88A9-49FA-B00B-67D1C7CE1BCF}.Release|Mixed Platforms.Build.0 = Release|x86
		{B8E5CA49-88A9-49FA-B00B-67D1C7CE1BCF}.Release|Win32.ActiveCfg = Release|x86
		{B8E5CA49-88A9-49FA-B00B-67D1C7CE1BCF}.Release|x64.ActiveCfg = Release|x86
		{B8E5CA49-88A9-49FA-B00B-67D1C7CE1BCF}.Release|x86.ActiveCfg = Release|x86
		{B8E5CA49-88A9-49FA-B00B-67D1C7CE1BCF}.Release|x86.Build.0 = Release|x86
		{FC4D9C38-8347-49A6-832F-8768784C3AAE}.Debug|Any CPU.ActiveCfg = Debug|x64
		{FC4D9C38-8347-49A6-832F-8768784C3AAE}.Debug|Mixed Platforms.ActiveCfg = Debug|x64
		{FC4D9C38-8347-49A6-832F-8768784C3AAE}.Debug|Win32.ActiveCfg = Debug|x64
		{FC4D9C38-8347-49A6-832F-8768784C3AAE}.Debug|x64.ActiveCfg = Debug|x64
		{FC4D9C38-8347-49A6-832F-8768784C3AAE}.Debug|x64.Build.0 = Debug|x64
		{FC4D9C38-8347-49A6-832F-8768784C3AAE}.Debug|x86.ActiveCfg = Debug|x64
		{FC4D9C38-8347-49A6-832F-8768784C3AAE}.Debug|x86.Build.0 = Debug|x64
		{FC4D9C38-8347-49A6-832F-8768784C3AAE}.Release|Any CPU.ActiveCfg = Release|x64
		{FC4D9C38-8347-49A6-832F-8768784C3AAE}.Release|Mixed Platforms.ActiveCfg = Release|x64
		{FC4D9C38-8347-49A6-832F-8768784C3AAE}.Release|Mixed Platforms.Build.0 = Release|x64
		{FC4D9C38-8347-49A6-832F-8768784C3AAE}.Release|Win32.ActiveCfg = Release|x64
		{FC4D9C38-8347-49A6-832F-8768784C3AAE}.Release|x64.ActiveCfg = Release|x64
		{FC4D9C38-8347-49A6-832F-8768784C3AAE}.Release|x64.Build.0 = Release|x64
		{FC4D9C38-8347-49A6-832F-8768784C3AAE}.Release|x86.ActiveCfg = Release|x64
		{FC4D9C38-8347-49A6-832F-8768784C3AAE}.Release|x86.Build.0 = Release|x64
		{FFDD66C9-95D2-4550-8C27-6FA42DDAF88E}.Debug|Any CPU.ActiveCfg = Debug|Any CPU
		{FFDD66C9-95D2-4550-8C27-6FA42DDAF88E}.Debug|Any CPU.Build.0 = Debug|Any CPU
		{FFDD66C9-95D2-4550-8C27-6FA42DDAF88E}.Debug|Mixed Platforms.ActiveCfg = Debug|Any CPU
		{FFDD66C9-95D2-4550-8C27-6FA42DDAF88E}.Debug|Mixed Platforms.Build.0 = Debug|Any CPU
		{FFDD66C9-95D2-4550-8C27-6FA42DDAF88E}.Debug|Win32.ActiveCfg = Debug|Any CPU
		{FFDD66C9-95D2-4550-8C27-6FA42DDAF88E}.Debug|x64.ActiveCfg = Debug|Any CPU
		{FFDD66C9-95D2-4550-8C27-6FA42DDAF88E}.Debug|x86.ActiveCfg = Debug|Any CPU
		{FFDD66C9-95D2-4550-8C27-6FA42DDAF88E}.Release|Any CPU.ActiveCfg = Release|Any CPU
		{FFDD66C9-95D2-4550-8C27-6FA42DDAF88E}.Release|Any CPU.Build.0 = Release|Any CPU
		{FFDD66C9-95D2-4550-8C27-6FA42DDAF88E}.Release|Mixed Platforms.ActiveCfg = Release|Any CPU
		{FFDD66C9-95D2-4550-8C27-6FA42DDAF88E}.Release|Mixed Platforms.Build.0 = Release|Any CPU
		{FFDD66C9-95D2-4550-8C27-6FA42DDAF88E}.Release|Win32.ActiveCfg = Release|Any CPU
		{FFDD66C9-95D2-4550-8C27-6FA42DDAF88E}.Release|x64.ActiveCfg = Release|Any CPU
		{FFDD66C9-95D2-4550-8C27-6FA42DDAF88E}.Release|x86.ActiveCfg = Release|Any CPU
		{234468D3-5E93-4D99-8320-E637112F3C92}.Debug|Any CPU.ActiveCfg = Debug|x86
		{234468D3-5E93-4D99-8320-E637112F3C92}.Debug|Mixed Platforms.ActiveCfg = Debug|x86
		{234468D3-5E93-4D99-8320-E637112F3C92}.Debug|Mixed Platforms.Build.0 = Debug|x86
		{234468D3-5E93-4D99-8320-E637112F3C92}.Debug|Win32.ActiveCfg = Debug|x86
		{234468D3-5E93-4D99-8320-E637112F3C92}.Debug|x64.ActiveCfg = Debug|x86
		{234468D3-5E93-4D99-8320-E637112F3C92}.Debug|x86.ActiveCfg = Debug|x86
		{234468D3-5E93-4D99-8320-E637112F3C92}.Debug|x86.Build.0 = Debug|x86
		{234468D3-5E93-4D99-8320-E637112F3C92}.Release|Any CPU.ActiveCfg = Release|x86
		{234468D3-5E93-4D99-8320-E637112F3C92}.Release|Mixed Platforms.ActiveCfg = Release|x86
		{234468D3-5E93-4D99-8320-E637112F3C92}.Release|Mixed Platforms.Build.0 = Release|x86
		{234468D3-5E93-4D99-8320-E637112F3C92}.Release|Win32.ActiveCfg = Release|x86
		{234468D3-5E93-4D99-8320-E637112F3C92}.Release|x64.ActiveCfg = Release|x86
		{234468D3-5E93-4D99-8320-E637112F3C92}.Release|x86.ActiveCfg = Release|x86
		{234468D3-5E93-4D99-8320-E637112F3C92}.Release|x86.Build.0 = Release|x86
	EndGlobalSection
	GlobalSection(SolutionProperties) = preSolution
		HideSolutionNode = FALSE
	EndGlobalSection
EndGlobal
